// !$*UTF8*$!
{
	archiveVersion = 1;
	classes = {
	};
	objectVersion = 50;
	objects = {

/* Begin PBXBuildFile section */
		EE7C603A267CFDCD0073D8B9 /* Awards_CollectionApp.swift in Sources */ = {isa = PBXBuildFile; fileRef = EE7C6039267CFDCD0073D8B9 /* Awards_CollectionApp.swift */; };
		EE7C603C267CFDCD0073D8B9 /* ContentView.swift in Sources */ = {isa = PBXBuildFile; fileRef = EE7C603B267CFDCD0073D8B9 /* ContentView.swift */; };
		EE7C603E267CFDCE0073D8B9 /* Assets.xcassets in Resources */ = {isa = PBXBuildFile; fileRef = EE7C603D267CFDCE0073D8B9 /* Assets.xcassets */; };
		EE7C6041267CFDCE0073D8B9 /* Preview Assets.xcassets in Resources */ = {isa = PBXBuildFile; fileRef = EE7C6040267CFDCE0073D8B9 /* Preview Assets.xcassets */; };
		EE7C604C267CFE650073D8B9 /* AwardsView.swift in Sources */ = {isa = PBXBuildFile; fileRef = EE7C604B267CFE650073D8B9 /* AwardsView.swift */; };
		EE7C604E267CFF110073D8B9 /* MainView.swift in Sources */ = {isa = PBXBuildFile; fileRef = EE7C604D267CFF110073D8B9 /* MainView.swift */; };
		EE7C6052267D02090073D8B9 /* StarterView.swift in Sources */ = {isa = PBXBuildFile; fileRef = EE7C6051267D02090073D8B9 /* StarterView.swift */; };
		EE7C6054267D03610073D8B9 /* GradientRectangles.swift in Sources */ = {isa = PBXBuildFile; fileRef = EE7C6053267D03610073D8B9 /* GradientRectangles.swift */; };
		EE7C6056267D0CBD0073D8B9 /* PathView.swift in Sources */ = {isa = PBXBuildFile; fileRef = EE7C6055267D0CBD0073D8B9 /* PathView.swift */; };
		EE7C6058267D14F20073D8B9 /* CurvesView.swift in Sources */ = {isa = PBXBuildFile; fileRef = EE7C6057267D14F20073D8B9 /* CurvesView.swift */; };
/* End PBXBuildFile section */

/* Begin PBXFileReference section */
		EE7C6036267CFDCD0073D8B9 /* Awards Collection.app */ = {isa = PBXFileReference; explicitFileType = wrapper.application; includeInIndex = 0; path = "Awards Collection.app"; sourceTree = BUILT_PRODUCTS_DIR; };
		EE7C6039267CFDCD0073D8B9 /* Awards_CollectionApp.swift */ = {isa = PBXFileReference; lastKnownFileType = sourcecode.swift; path = Awards_CollectionApp.swift; sourceTree = "<group>"; };
		EE7C603B267CFDCD0073D8B9 /* ContentView.swift */ = {isa = PBXFileReference; lastKnownFileType = sourcecode.swift; path = ContentView.swift; sourceTree = "<group>"; };
		EE7C603D267CFDCE0073D8B9 /* Assets.xcassets */ = {isa = PBXFileReference; lastKnownFileType = folder.assetcatalog; path = Assets.xcassets; sourceTree = "<group>"; };
		EE7C6040267CFDCE0073D8B9 /* Preview Assets.xcassets */ = {isa = PBXFileReference; lastKnownFileType = folder.assetcatalog; path = "Preview Assets.xcassets"; sourceTree = "<group>"; };
		EE7C6042267CFDCE0073D8B9 /* Info.plist */ = {isa = PBXFileReference; lastKnownFileType = text.plist.xml; path = Info.plist; sourceTree = "<group>"; };
		EE7C604B267CFE650073D8B9 /* AwardsView.swift */ = {isa = PBXFileReference; lastKnownFileType = sourcecode.swift; path = AwardsView.swift; sourceTree = "<group>"; };
		EE7C604D267CFF110073D8B9 /* MainView.swift */ = {isa = PBXFileReference; lastKnownFileType = sourcecode.swift; path = MainView.swift; sourceTree = "<group>"; };
		EE7C6051267D02090073D8B9 /* StarterView.swift */ = {isa = PBXFileReference; lastKnownFileType = sourcecode.swift; path = StarterView.swift; sourceTree = "<group>"; };
		EE7C6053267D03610073D8B9 /* GradientRectangles.swift */ = {isa = PBXFileReference; lastKnownFileType = sourcecode.swift; path = GradientRectangles.swift; sourceTree = "<group>"; };
		EE7C6055267D0CBD0073D8B9 /* PathView.swift */ = {isa = PBXFileReference; lastKnownFileType = sourcecode.swift; path = PathView.swift; sourceTree = "<group>"; };
		EE7C6057267D14F20073D8B9 /* CurvesView.swift */ = {isa = PBXFileReference; lastKnownFileType = sourcecode.swift; path = CurvesView.swift; sourceTree = "<group>"; };
/* End PBXFileReference section */

/* Begin PBXFrameworksBuildPhase section */
		EE7C6033267CFDCD0073D8B9 /* Frameworks */ = {
			isa = PBXFrameworksBuildPhase;
			buildActionMask = 2147483647;
			files = (
			);
			runOnlyForDeploymentPostprocessing = 0;
		};
/* End PBXFrameworksBuildPhase section */

/* Begin PBXGroup section */
		EE7C602D267CFDCD0073D8B9 = {
			isa = PBXGroup;
			children = (
				EE7C6038267CFDCD0073D8B9 /* Awards Collection */,
				EE7C6037267CFDCD0073D8B9 /* Products */,
			);
			sourceTree = "<group>";
		};
		EE7C6037267CFDCD0073D8B9 /* Products */ = {
			isa = PBXGroup;
			children = (
				EE7C6036267CFDCD0073D8B9 /* Awards Collection.app */,
			);
			name = Products;
			sourceTree = "<group>";
		};
		EE7C6038267CFDCD0073D8B9 /* Awards Collection */ = {
			isa = PBXGroup;
			children = (
				EE7C6048267CFE1D0073D8B9 /* Supports */,
				EE7C604A267CFE4D0073D8B9 /* Views */,
				EE7C6049267CFE420073D8B9 /* Resources */,
				EE7C603F267CFDCE0073D8B9 /* Preview Content */,
			);
			path = "Awards Collection";
			sourceTree = "<group>";
		};
		EE7C603F267CFDCE0073D8B9 /* Preview Content */ = {
			isa = PBXGroup;
			children = (
				EE7C6040267CFDCE0073D8B9 /* Preview Assets.xcassets */,
			);
			path = "Preview Content";
			sourceTree = "<group>";
		};
		EE7C6048267CFE1D0073D8B9 /* Supports */ = {
			isa = PBXGroup;
			children = (
				EE7C6039267CFDCD0073D8B9 /* Awards_CollectionApp.swift */,
				EE7C6042267CFDCE0073D8B9 /* Info.plist */,
			);
			path = Supports;
			sourceTree = "<group>";
		};
		EE7C6049267CFE420073D8B9 /* Resources */ = {
			isa = PBXGroup;
			children = (
				EE7C603D267CFDCE0073D8B9 /* Assets.xcassets */,
			);
			path = Resources;
			sourceTree = "<group>";
		};
		EE7C604A267CFE4D0073D8B9 /* Views */ = {
			isa = PBXGroup;
			children = (
				EE7C603B267CFDCD0073D8B9 /* ContentView.swift */,
				EE7C604B267CFE650073D8B9 /* AwardsView.swift */,
				EE7C6057267D14F20073D8B9 /* CurvesView.swift */,
				EE7C6055267D0CBD0073D8B9 /* PathView.swift */,
				EE7C6053267D03610073D8B9 /* GradientRectangles.swift */,
				EE7C604D267CFF110073D8B9 /* MainView.swift */,
				EE7C6051267D02090073D8B9 /* StarterView.swift */,
			);
			path = Views;
			sourceTree = "<group>";
		};
/* End PBXGroup section */

/* Begin PBXNativeTarget section */
		EE7C6035267CFDCD0073D8B9 /* Awards Collection */ = {
			isa = PBXNativeTarget;
			buildConfigurationList = EE7C6045267CFDCE0073D8B9 /* Build configuration list for PBXNativeTarget "Awards Collection" */;
			buildPhases = (
				EE7C6032267CFDCD0073D8B9 /* Sources */,
				EE7C6033267CFDCD0073D8B9 /* Frameworks */,
				EE7C6034267CFDCD0073D8B9 /* Resources */,
			);
			buildRules = (
			);
			dependencies = (
			);
			name = "Awards Collection";
			productName = "Awards Collection";
			productReference = EE7C6036267CFDCD0073D8B9 /* Awards Collection.app */;
			productType = "com.apple.product-type.application";
		};
/* End PBXNativeTarget section */

/* Begin PBXProject section */
		EE7C602E267CFDCD0073D8B9 /* Project object */ = {
			isa = PBXProject;
			attributes = {
				LastSwiftUpdateCheck = 1250;
				LastUpgradeCheck = 1250;
				TargetAttributes = {
					EE7C6035267CFDCD0073D8B9 = {
						CreatedOnToolsVersion = 12.5;
					};
				};
			};
			buildConfigurationList = EE7C6031267CFDCD0073D8B9 /* Build configuration list for PBXProject "Awards Collection" */;
			compatibilityVersion = "Xcode 9.3";
			developmentRegion = en;
			hasScannedForEncodings = 0;
			knownRegions = (
				en,
				Base,
			);
			mainGroup = EE7C602D267CFDCD0073D8B9;
			productRefGroup = EE7C6037267CFDCD0073D8B9 /* Products */;
			projectDirPath = "";
			projectRoot = "";
			targets = (
				EE7C6035267CFDCD0073D8B9 /* Awards Collection */,
			);
		};
/* End PBXProject section */

/* Begin PBXResourcesBuildPhase section */
		EE7C6034267CFDCD0073D8B9 /* Resources */ = {
			isa = PBXResourcesBuildPhase;
			buildActionMask = 2147483647;
			files = (
				EE7C6041267CFDCE0073D8B9 /* Preview Assets.xcassets in Resources */,
				EE7C603E267CFDCE0073D8B9 /* Assets.xcassets in Resources */,
			);
			runOnlyForDeploymentPostprocessing = 0;
		};
/* End PBXResourcesBuildPhase section */

/* Begin PBXSourcesBuildPhase section */
		EE7C6032267CFDCD0073D8B9 /* Sources */ = {
			isa = PBXSourcesBuildPhase;
			buildActionMask = 2147483647;
			files = (
				EE7C603C267CFDCD0073D8B9 /* ContentView.swift in Sources */,
				EE7C6052267D02090073D8B9 /* StarterView.swift in Sources */,
				EE7C604E267CFF110073D8B9 /* MainView.swift in Sources */,
				EE7C6056267D0CBD0073D8B9 /* PathView.swift in Sources */,
				EE7C603A267CFDCD0073D8B9 /* Awards_CollectionApp.swift in Sources */,
				EE7C604C267CFE650073D8B9 /* AwardsView.swift in Sources */,
				EE7C6058267D14F20073D8B9 /* CurvesView.swift in Sources */,
				EE7C6054267D03610073D8B9 /* GradientRectangles.swift in Sources */,
			);
			runOnlyForDeploymentPostprocessing = 0;
		};
/* End PBXSourcesBuildPhase section */

/* Begin XCBuildConfiguration section */
		EE7C6043267CFDCE0073D8B9 /* Debug */ = {
			isa = XCBuildConfiguration;
			buildSettings = {
				ALWAYS_SEARCH_USER_PATHS = NO;
				CLANG_ANALYZER_NONNULL = YES;
				CLANG_ANALYZER_NUMBER_OBJECT_CONVERSION = YES_AGGRESSIVE;
				CLANG_CXX_LANGUAGE_STANDARD = "gnu++14";
				CLANG_CXX_LIBRARY = "libc++";
				CLANG_ENABLE_MODULES = YES;
				CLANG_ENABLE_OBJC_ARC = YES;
				CLANG_ENABLE_OBJC_WEAK = YES;
				CLANG_WARN_BLOCK_CAPTURE_AUTORELEASING = YES;
				CLANG_WARN_BOOL_CONVERSION = YES;
				CLANG_WARN_COMMA = YES;
				CLANG_WARN_CONSTANT_CONVERSION = YES;
				CLANG_WARN_DEPRECATED_OBJC_IMPLEMENTATIONS = YES;
				CLANG_WARN_DIRECT_OBJC_ISA_USAGE = YES_ERROR;
				CLANG_WARN_DOCUMENTATION_COMMENTS = YES;
				CLANG_WARN_EMPTY_BODY = YES;
				CLANG_WARN_ENUM_CONVERSION = YES;
				CLANG_WARN_INFINITE_RECURSION = YES;
				CLANG_WARN_INT_CONVERSION = YES;
				CLANG_WARN_NON_LITERAL_NULL_CONVERSION = YES;
				CLANG_WARN_OBJC_IMPLICIT_RETAIN_SELF = YES;
				CLANG_WARN_OBJC_LITERAL_CONVERSION = YES;
				CLANG_WARN_OBJC_ROOT_CLASS = YES_ERROR;
				CLANG_WARN_QUOTED_INCLUDE_IN_FRAMEWORK_HEADER = YES;
				CLANG_WARN_RANGE_LOOP_ANALYSIS = YES;
				CLANG_WARN_STRICT_PROTOTYPES = YES;
				CLANG_WARN_SUSPICIOUS_MOVE = YES;
				CLANG_WARN_UNGUARDED_AVAILABILITY = YES_AGGRESSIVE;
				CLANG_WARN_UNREACHABLE_CODE = YES;
				CLANG_WARN__DUPLICATE_METHOD_MATCH = YES;
				COPY_PHASE_STRIP = NO;
				DEBUG_INFORMATION_FORMAT = dwarf;
				ENABLE_STRICT_OBJC_MSGSEND = YES;
				ENABLE_TESTABILITY = YES;
				GCC_C_LANGUAGE_STANDARD = gnu11;
				GCC_DYNAMIC_NO_PIC = NO;
				GCC_NO_COMMON_BLOCKS = YES;
				GCC_OPTIMIZATION_LEVEL = 0;
				GCC_PREPROCESSOR_DEFINITIONS = (
					"DEBUG=1",
					"$(inherited)",
				);
				GCC_WARN_64_TO_32_BIT_CONVERSION = YES;
				GCC_WARN_ABOUT_RETURN_TYPE = YES_ERROR;
				GCC_WARN_UNDECLARED_SELECTOR = YES;
				GCC_WARN_UNINITIALIZED_AUTOS = YES_AGGRESSIVE;
				GCC_WARN_UNUSED_FUNCTION = YES;
				GCC_WARN_UNUSED_VARIABLE = YES;
				IPHONEOS_DEPLOYMENT_TARGET = 14.5;
				MTL_ENABLE_DEBUG_INFO = INCLUDE_SOURCE;
				MTL_FAST_MATH = YES;
				ONLY_ACTIVE_ARCH = YES;
				SDKROOT = iphoneos;
				SWIFT_ACTIVE_COMPILATION_CONDITIONS = DEBUG;
				SWIFT_OPTIMIZATION_LEVEL = "-Onone";
			};
			name = Debug;
		};
		EE7C6044267CFDCE0073D8B9 /* Release */ = {
			isa = XCBuildConfiguration;
			buildSettings = {
				ALWAYS_SEARCH_USER_PATHS = NO;
				CLANG_ANALYZER_NONNULL = YES;
				CLANG_ANALYZER_NUMBER_OBJECT_CONVERSION = YES_AGGRESSIVE;
				CLANG_CXX_LANGUAGE_STANDARD = "gnu++14";
				CLANG_CXX_LIBRARY = "libc++";
				CLANG_ENABLE_MODULES = YES;
				CLANG_ENABLE_OBJC_ARC = YES;
				CLANG_ENABLE_OBJC_WEAK = YES;
				CLANG_WARN_BLOCK_CAPTURE_AUTORELEASING = YES;
				CLANG_WARN_BOOL_CONVERSION = YES;
				CLANG_WARN_COMMA = YES;
				CLANG_WARN_CONSTANT_CONVERSION = YES;
				CLANG_WARN_DEPRECATED_OBJC_IMPLEMENTATIONS = YES;
				CLANG_WARN_DIRECT_OBJC_ISA_USAGE = YES_ERROR;
				CLANG_WARN_DOCUMENTATION_COMMENTS = YES;
				CLANG_WARN_EMPTY_BODY = YES;
				CLANG_WARN_ENUM_CONVERSION = YES;
				CLANG_WARN_INFINITE_RECURSION = YES;
				CLANG_WARN_INT_CONVERSION = YES;
				CLANG_WARN_NON_LITERAL_NULL_CONVERSION = YES;
				CLANG_WARN_OBJC_IMPLICIT_RETAIN_SELF = YES;
				CLANG_WARN_OBJC_LITERAL_CONVERSION = YES;
				CLANG_WARN_OBJC_ROOT_CLASS = YES_ERROR;
				CLANG_WARN_QUOTED_INCLUDE_IN_FRAMEWORK_HEADER = YES;
				CLANG_WARN_RANGE_LOOP_ANALYSIS = YES;
				CLANG_WARN_STRICT_PROTOTYPES = YES;
				CLANG_WARN_SUSPICIOUS_MOVE = YES;
				CLANG_WARN_UNGUARDED_AVAILABILITY = YES_AGGRESSIVE;
				CLANG_WARN_UNREACHABLE_CODE = YES;
				CLANG_WARN__DUPLICATE_METHOD_MATCH = YES;
				COPY_PHASE_STRIP = NO;
				DEBUG_INFORMATION_FORMAT = "dwarf-with-dsym";
				ENABLE_NS_ASSERTIONS = NO;
				ENABLE_STRICT_OBJC_MSGSEND = YES;
				GCC_C_LANGUAGE_STANDARD = gnu11;
				GCC_NO_COMMON_BLOCKS = YES;
				GCC_WARN_64_TO_32_BIT_CONVERSION = YES;
				GCC_WARN_ABOUT_RETURN_TYPE = YES_ERROR;
				GCC_WARN_UNDECLARED_SELECTOR = YES;
				GCC_WARN_UNINITIALIZED_AUTOS = YES_AGGRESSIVE;
				GCC_WARN_UNUSED_FUNCTION = YES;
				GCC_WARN_UNUSED_VARIABLE = YES;
				IPHONEOS_DEPLOYMENT_TARGET = 14.5;
				MTL_ENABLE_DEBUG_INFO = NO;
				MTL_FAST_MATH = YES;
				SDKROOT = iphoneos;
				SWIFT_COMPILATION_MODE = wholemodule;
				SWIFT_OPTIMIZATION_LEVEL = "-O";
				VALIDATE_PRODUCT = YES;
			};
			name = Release;
		};
		EE7C6046267CFDCE0073D8B9 /* Debug */ = {
			isa = XCBuildConfiguration;
			buildSettings = {
				ASSETCATALOG_COMPILER_APPICON_NAME = AppIcon;
				ASSETCATALOG_COMPILER_GLOBAL_ACCENT_COLOR_NAME = AccentColor;
				CODE_SIGN_STYLE = Automatic;
				DEVELOPMENT_ASSET_PATHS = "\"Awards Collection/Preview Content\"";
				ENABLE_PREVIEWS = YES;
				INFOPLIST_FILE = "Awards Collection/Supports/Info.plist";
				IPHONEOS_DEPLOYMENT_TARGET = 14.0;
				LD_RUNPATH_SEARCH_PATHS = (
					"$(inherited)",
					"@executable_path/Frameworks",
				);
				PRODUCT_BUNDLE_IDENTIFIER = "GE-Developer.Awards-Collection";
				PRODUCT_NAME = "$(TARGET_NAME)";
				SWIFT_VERSION = 5.0;
				TARGETED_DEVICE_FAMILY = 1;
			};
			name = Debug;
		};
		EE7C6047267CFDCE0073D8B9 /* Release */ = {
			isa = XCBuildConfiguration;
			buildSettings = {
				ASSETCATALOG_COMPILER_APPICON_NAME = AppIcon;
				ASSETCATALOG_COMPILER_GLOBAL_ACCENT_COLOR_NAME = AccentColor;
				CODE_SIGN_STYLE = Automatic;
				DEVELOPMENT_ASSET_PATHS = "\"Awards Collection/Preview Content\"";
				ENABLE_PREVIEWS = YES;
				INFOPLIST_FILE = "Awards Collection/Supports/Info.plist";
				IPHONEOS_DEPLOYMENT_TARGET = 14.0;
				LD_RUNPATH_SEARCH_PATHS = (
					"$(inherited)",
					"@executable_path/Frameworks",
				);
				PRODUCT_BUNDLE_IDENTIFIER = "GE-Developer.Awards-Collection";
				PRODUCT_NAME = "$(TARGET_NAME)";
				SWIFT_VERSION = 5.0;
				TARGETED_DEVICE_FAMILY = 1;
			};
			name = Release;
		};
/* End XCBuildConfiguration section */

/* Begin XCConfigurationList section */
		EE7C6031267CFDCD0073D8B9 /* Build configuration list for PBXProject "Awards Collection" */ = {
			isa = XCConfigurationList;
			buildConfigurations = (
				EE7C6043267CFDCE0073D8B9 /* Debug */,
				EE7C6044267CFDCE0073D8B9 /* Release */,
			);
			defaultConfigurationIsVisible = 0;
			defaultConfigurationName = Release;
		};
		EE7C6045267CFDCE0073D8B9 /* Build configuration list for PBXNativeTarget "Awards Collection" */ = {
			isa = XCConfigurationList;
			buildConfigurations = (
				EE7C6046267CFDCE0073D8B9 /* Debug */,
				EE7C6047267CFDCE0073D8B9 /* Release */,
			);
			defaultConfigurationIsVisible = 0;
			defaultConfigurationName = Release;
		};
/* End XCConfigurationList section */
	};
	rootObject = EE7C602E267CFDCD0073D8B9 /* Project object */;
}
